
Microsoft Visual Studio Solution File, Format Version 12.00
# Visual Studio Version 17
VisualStudioVersion = 17.7.34009.444
MinimumVisualStudioVersion = 10.0.40219.1
Project("{FAE04EC0-301F-11D3-BF4B-00C04F79EFBC}") = "DeweyDecimal_Latest", "DeweyDecimal_Latest\DeweyDecimal_Latest.csproj", "{B9AEF888-BCFD-4805-9854-7EFACB88A14A}"
EndProject
Global
	GlobalSection(SolutionConfigurationPlatforms) = preSolution
		Debug|Any CPU = Debug|Any CPU
		Release|Any CPU = Release|Any CPU
	EndGlobalSection
	GlobalSection(ProjectConfigurationPlatforms) = postSolution
		{B9AEF888-BCFD-4805-9854-7EFACB88A14A}.Debug|Any CPU.ActiveCfg = Debug|Any CPU
		{B9AEF888-BCFD-4805-9854-7EFACB88A14A}.Debug|Any CPU.Build.0 = Debug|Any CPU
		{B9AEF888-BCFD-4805-9854-7EFACB88A14A}.Release|Any CPU.ActiveCfg = Release|Any CPU
		{B9AEF888-BCFD-4805-9854-7EFACB88A14A}.Release|Any CPU.Build.0 = Release|Any CPU
	EndGlobalSection
	GlobalSection(SolutionProperties) = preSolution
		HideSolutionNode = FALSE
	EndGlobalSection
	GlobalSection(ExtensibilityGlobals) = postSolution
		SolutionGuid = {6257C7D1-74BE-4C5C-8075-0BB3BB6FA740}
	EndGlobalSection
EndGlobal
